// !$*UTF8*$!
{
	archiveVersion = 1;
	classes = {
	};
	objectVersion = 46;
	objects = {

/* Begin PBXBuildFile section */
		91457CB31C7ED59D008CC1F8 /* main.m in Sources */ = {isa = PBXBuildFile; fileRef = 91457CB21C7ED59D008CC1F8 /* main.m */; };
		91457CB61C7ED59D008CC1F8 /* AppDelegate.m in Sources */ = {isa = PBXBuildFile; fileRef = 91457CB51C7ED59D008CC1F8 /* AppDelegate.m */; };
		91457CB91C7ED59D008CC1F8 /* ViewController.m in Sources */ = {isa = PBXBuildFile; fileRef = 91457CB81C7ED59D008CC1F8 /* ViewController.m */; };
		91457CBC1C7ED59D008CC1F8 /* Main.storyboard in Resources */ = {isa = PBXBuildFile; fileRef = 91457CBA1C7ED59D008CC1F8 /* Main.storyboard */; };
		91457CBE1C7ED59D008CC1F8 /* Assets.xcassets in Resources */ = {isa = PBXBuildFile; fileRef = 91457CBD1C7ED59D008CC1F8 /* Assets.xcassets */; };
		91457CC11C7ED59D008CC1F8 /* LaunchScreen.storyboard in Resources */ = {isa = PBXBuildFile; fileRef = 91457CBF1C7ED59D008CC1F8 /* LaunchScreen.storyboard */; };
		91457CE71C7ED5FD008CC1F8 /* BackgroundRunTask.m in Sources */ = {isa = PBXBuildFile; fileRef = 91457CE61C7ED5FD008CC1F8 /* BackgroundRunTask.m */; };
		91457CE91C7ED74E008CC1F8 /* MMPSilence.wav in Resources */ = {isa = PBXBuildFile; fileRef = 91457CE81C7ED74E008CC1F8 /* MMPSilence.wav */; };
/* End PBXBuildFile section */

/* Begin PBXFileReference section */
		91457CAE1C7ED59D008CC1F8 /* BackgroundLongRunTask.app */ = {isa = PBXFileReference; explicitFileType = wrapper.application; includeInIndex = 0; path = BackgroundLongRunTask.app; sourceTree = BUILT_PRODUCTS_DIR; };
		91457CB21C7ED59D008CC1F8 /* main.m */ = {isa = PBXFileReference; lastKnownFileType = sourcecode.c.objc; path = main.m; sourceTree = "<group>"; };
		91457CB41C7ED59D008CC1F8 /* AppDelegate.h */ = {isa = PBXFileReference; lastKnownFileType = sourcecode.c.h; path = AppDelegate.h; sourceTree = "<group>"; };
		91457CB51C7ED59D008CC1F8 /* AppDelegate.m */ = {isa = PBXFileReference; lastKnownFileType = sourcecode.c.objc; path = AppDelegate.m; sourceTree = "<group>"; };
		91457CB71C7ED59D008CC1F8 /* ViewController.h */ = {isa = PBXFileReference; lastKnownFileType = sourcecode.c.h; path = ViewController.h; sourceTree = "<group>"; };
		91457CB81C7ED59D008CC1F8 /* ViewController.m */ = {isa = PBXFileReference; lastKnownFileType = sourcecode.c.objc; path = ViewController.m; sourceTree = "<group>"; };
		91457CBB1C7ED59D008CC1F8 /* Base */ = {isa = PBXFileReference; lastKnownFileType = file.storyboard; name = Base; path = Base.lproj/Main.storyboard; sourceTree = "<group>"; };
		91457CBD1C7ED59D008CC1F8 /* Assets.xcassets */ = {isa = PBXFileReference; lastKnownFileType = folder.assetcatalog; path = Assets.xcassets; sourceTree = "<group>"; };
		91457CC01C7ED59D008CC1F8 /* Base */ = {isa = PBXFileReference; lastKnownFileType = file.storyboard; name = Base; path = Base.lproj/LaunchScreen.storyboard; sourceTree = "<group>"; };
		91457CC21C7ED59D008CC1F8 /* Info.plist */ = {isa = PBXFileReference; lastKnownFileType = text.plist.xml; path = Info.plist; sourceTree = "<group>"; };
		91457CE51C7ED5FD008CC1F8 /* BackgroundRunTask.h */ = {isa = PBXFileReference; fileEncoding = 4; lastKnownFileType = sourcecode.c.h; path = BackgroundRunTask.h; sourceTree = "<group>"; };
		91457CE61C7ED5FD008CC1F8 /* BackgroundRunTask.m */ = {isa = PBXFileReference; fileEncoding = 4; lastKnownFileType = sourcecode.c.objc; path = BackgroundRunTask.m; sourceTree = "<group>"; };
		91457CE81C7ED74E008CC1F8 /* MMPSilence.wav */ = {isa = PBXFileReference; lastKnownFileType = audio.wav; path = MMPSilence.wav; sourceTree = "<group>"; };
/* End PBXFileReference section */

/* Begin PBXFrameworksBuildPhase section */
		91457CAB1C7ED59D008CC1F8 /* Frameworks */ = {
			isa = PBXFrameworksBuildPhase;
			buildActionMask = 2147483647;
			files = (
			);
			runOnlyForDeploymentPostprocessing = 0;
		};
/* End PBXFrameworksBuildPhase section */

/* Begin PBXGroup section */
		91457CA51C7ED59D008CC1F8 = {
			isa = PBXGroup;
			children = (
				91457CB01C7ED59D008CC1F8 /* BackgroundLongRunTask */,
				91457CAF1C7ED59D008CC1F8 /* Products */,
			);
			sourceTree = "<group>";
		};
		91457CAF1C7ED59D008CC1F8 /* Products */ = {
			isa = PBXGroup;
			children = (
				91457CAE1C7ED59D008CC1F8 /* BackgroundLongRunTask.app */,
			);
			name = Products;
			sourceTree = "<group>";
		};
		91457CB01C7ED59D008CC1F8 /* BackgroundLongRunTask */ = {
			isa = PBXGroup;
			children = (
				91457CE41C7ED5FD008CC1F8 /* background */,
				91457CB41C7ED59D008CC1F8 /* AppDelegate.h */,
				91457CB51C7ED59D008CC1F8 /* AppDelegate.m */,
				91457CB71C7ED59D008CC1F8 /* ViewController.h */,
				91457CB81C7ED59D008CC1F8 /* ViewController.m */,
				91457CBA1C7ED59D008CC1F8 /* Main.storyboard */,
				91457CBD1C7ED59D008CC1F8 /* Assets.xcassets */,
				91457CBF1C7ED59D008CC1F8 /* LaunchScreen.storyboard */,
				91457CC21C7ED59D008CC1F8 /* Info.plist */,
				91457CB11C7ED59D008CC1F8 /* Supporting Files */,
			);
			path = BackgroundLongRunTask;
			sourceTree = "<group>";
		};
		91457CB11C7ED59D008CC1F8 /* Supporting Files */ = {
			isa = PBXGroup;
			children = (
				91457CB21C7ED59D008CC1F8 /* main.m */,
			);
			name = "Supporting Files";
			sourceTree = "<group>";
		};
		91457CE41C7ED5FD008CC1F8 /* background */ = {
			isa = PBXGroup;
			children = (
				91457CE81C7ED74E008CC1F8 /* MMPSilence.wav */,
				91457CE51C7ED5FD008CC1F8 /* BackgroundRunTask.h */,
				91457CE61C7ED5FD008CC1F8 /* BackgroundRunTask.m */,
			);
			path = background;
			sourceTree = "<group>";
		};
/* End PBXGroup section */

/* Begin PBXNativeTarget section */
		91457CAD1C7ED59D008CC1F8 /* BackgroundLongRunTask */ = {
			isa = PBXNativeTarget;
			buildConfigurationList = 91457CDB1C7ED59E008CC1F8 /* Build configuration list for PBXNativeTarget "BackgroundLongRunTask" */;
			buildPhases = (
				91457CAA1C7ED59D008CC1F8 /* Sources */,
				91457CAB1C7ED59D008CC1F8 /* Frameworks */,
				91457CAC1C7ED59D008CC1F8 /* Resources */,
			);
			buildRules = (
			);
			dependencies = (
			);
			name = BackgroundLongRunTask;
			productName = BackgroundLongRunTask;
			productReference = 91457CAE1C7ED59D008CC1F8 /* BackgroundLongRunTask.app */;
			productType = "com.apple.product-type.application";
		};
/* End PBXNativeTarget section */

/* Begin PBXProject section */
		91457CA61C7ED59D008CC1F8 /* Project object */ = {
			isa = PBXProject;
			attributes = {
				LastUpgradeCheck = 0720;
				ORGANIZATIONNAME = DataEye;
				TargetAttributes = {
					91457CAD1C7ED59D008CC1F8 = {
						CreatedOnToolsVersion = 7.2;
					};
				};
			};
			buildConfigurationList = 91457CA91C7ED59D008CC1F8 /* Build configuration list for PBXProject "BackgroundLongRunTask" */;
			compatibilityVersion = "Xcode 3.2";
			developmentRegion = English;
			hasScannedForEncodings = 0;
			knownRegions = (
				en,
				Base,
			);
			mainGroup = 91457CA51C7ED59D008CC1F8;
			productRefGroup = 91457CAF1C7ED59D008CC1F8 /* Products */;
			projectDirPath = "";
			projectRoot = "";
			targets = (
				91457CAD1C7ED59D008CC1F8 /* BackgroundLongRunTask */,
			);
		};
/* End PBXProject section */

/* Begin PBXResourcesBuildPhase section */
		91457CAC1C7ED59D008CC1F8 /* Resources */ = {
			isa = PBXResourcesBuildPhase;
			buildActionMask = 2147483647;
			files = (
				91457CC11C7ED59D008CC1F8 /* LaunchScreen.storyboard in Resources */,
				91457CBE1C7ED59D008CC1F8 /* Assets.xcassets in Resources */,
				91457CBC1C7ED59D008CC1F8 /* Main.storyboard in Resources */,
				91457CE91C7ED74E008CC1F8 /* MMPSilence.wav in Resources */,
			);
			runOnlyForDeploymentPostprocessing = 0;
		};
/* End PBXResourcesBuildPhase section */

/* Begin PBXSourcesBuildPhase section */
		91457CAA1C7ED59D008CC1F8 /* Sources */ = {
			isa = PBXSourcesBuildPhase;
			buildActionMask = 2147483647;
			files = (
				91457CB91C7ED59D008CC1F8 /* ViewController.m in Sources */,
				91457CB61C7ED59D008CC1F8 /* AppDelegate.m in Sources */,
				91457CE71C7ED5FD008CC1F8 /* BackgroundRunTask.m in Sources */,
				91457CB31C7ED59D008CC1F8 /* main.m in Sources */,
			);
			runOnlyForDeploymentPostprocessing = 0;
		};
/* End PBXSourcesBuildPhase section */

/* Begin PBXVariantGroup section */
		91457CBA1C7ED59D008CC1F8 /* Main.storyboard */ = {
			isa = PBXVariantGroup;
			children = (
				91457CBB1C7ED59D008CC1F8 /* Base */,
			);
			name = Main.storyboard;
			sourceTree = "<group>";
		};
		91457CBF1C7ED59D008CC1F8 /* LaunchScreen.storyboard */ = {
			isa = PBXVariantGroup;
			children = (
				91457CC01C7ED59D008CC1F8 /* Base */,
			);
			name = LaunchScreen.storyboard;
			sourceTree = "<group>";
		};
/* End PBXVariantGroup section */

/* Begin XCBuildConfiguration section */
		91457CD91C7ED59E008CC1F8 /* Debug */ = {
			isa = XCBuildConfiguration;
			buildSettings = {
				ALWAYS_SEARCH_USER_PATHS = NO;
				CLANG_CXX_LANGUAGE_STANDARD = "gnu++0x";
				CLANG_CXX_LIBRARY = "libc++";
				CLANG_ENABLE_MODULES = YES;
				CLANG_ENABLE_OBJC_ARC = YES;
				CLANG_WARN_BOOL_CONVERSION = YES;
				CLANG_WARN_CONSTANT_CONVERSION = YES;
				CLANG_WARN_DIRECT_OBJC_ISA_USAGE = YES_ERROR;
				CLANG_WARN_EMPTY_BODY = YES;
				CLANG_WARN_ENUM_CONVERSION = YES;
				CLANG_WARN_INT_CONVERSION = YES;
				CLANG_WARN_OBJC_ROOT_CLASS = YES_ERROR;
				CLANG_WARN_UNREACHABLE_CODE = YES;
				CLANG_WARN__DUPLICATE_METHOD_MATCH = YES;
				"CODE_SIGN_IDENTITY[sdk=iphoneos*]" = "iPhone Developer";
				COPY_PHASE_STRIP = NO;
				DEBUG_INFORMATION_FORMAT = dwarf;
				ENABLE_STRICT_OBJC_MSGSEND = YES;
				ENABLE_TESTABILITY = YES;
				GCC_C_LANGUAGE_STANDARD = gnu99;
				GCC_DYNAMIC_NO_PIC = NO;
				GCC_NO_COMMON_BLOCKS = YES;
				GCC_OPTIMIZATION_LEVEL = 0;
				GCC_PREPROCESSOR_DEFINITIONS = (
					"DEBUG=1",
					"$(inherited)",
				);
				GCC_WARN_64_TO_32_BIT_CONVERSION = YES;
				GCC_WARN_ABOUT_RETURN_TYPE = YES_ERROR;
				GCC_WARN_UNDECLARED_SELECTOR = YES;
				GCC_WARN_UNINITIALIZED_AUTOS = YES_AGGRESSIVE;
				GCC_WARN_UNUSED_FUNCTION = YES;
				GCC_WARN_UNUSED_VARIABLE = YES;
				IPHONEOS_DEPLOYMENT_TARGET = 9.2;
				MTL_ENABLE_DEBUG_INFO = YES;
				ONLY_ACTIVE_ARCH = YES;
				SDKROOT = iphoneos;
			};
			name = Debug;
		};
		91457CDA1C7ED59E008CC1F8 /* Release */ = {
			isa = XCBuildConfiguration;
			buildSettings = {
				ALWAYS_SEARCH_USER_PATHS = NO;
				CLANG_CXX_LANGUAGE_STANDARD = "gnu++0x";
				CLANG_CXX_LIBRARY = "libc++";
				CLANG_ENABLE_MODULES = YES;
				CLANG_ENABLE_OBJC_ARC = YES;
				CLANG_WARN_BOOL_CONVERSION = YES;
				CLANG_WARN_CONSTANT_CONVERSION = YES;
				CLANG_WARN_DIRECT_OBJC_ISA_USAGE = YES_ERROR;
				CLANG_WARN_EMPTY_BODY = YES;
				CLANG_WARN_ENUM_CONVERSION = YES;
				CLANG_WARN_INT_CONVERSION = YES;
				CLANG_WARN_OBJC_ROOT_CLASS = YES_ERROR;
				CLANG_WARN_UNREACHABLE_CODE = YES;
				CLANG_WARN__DUPLICATE_METHOD_MATCH = YES;
				"CODE_SIGN_IDENTITY[sdk=iphoneos*]" = "iPhone Developer";
				COPY_PHASE_STRIP = NO;
				DEBUG_INFORMATION_FORMAT = "dwarf-with-dsym";
				ENABLE_NS_ASSERTIONS = NO;
				ENABLE_STRICT_OBJC_MSGSEND = YES;
				GCC_C_LANGUAGE_STANDARD = gnu99;
				GCC_NO_COMMON_BLOCKS = YES;
				GCC_WARN_64_TO_32_BIT_CONVERSION = YES;
				GCC_WARN_ABOUT_RETURN_TYPE = YES_ERROR;
				GCC_WARN_UNDECLARED_SELECTOR = YES;
				GCC_WARN_UNINITIALIZED_AUTOS = YES_AGGRESSIVE;
				GCC_WARN_UNUSED_FUNCTION = YES;
				GCC_WARN_UNUSED_VARIABLE = YES;
				IPHONEOS_DEPLOYMENT_TARGET = 9.2;
				MTL_ENABLE_DEBUG_INFO = NO;
				SDKROOT = iphoneos;
				VALIDATE_PRODUCT = YES;
			};
			name = Release;
		};
		91457CDC1C7ED59E008CC1F8 /* Debug */ = {
			isa = XCBuildConfiguration;
			buildSettings = {
				ASSETCATALOG_COMPILER_APPICON_NAME = AppIcon;
				INFOPLIST_FILE = BackgroundLongRunTask/Info.plist;
				LD_RUNPATH_SEARCH_PATHS = "$(inherited) @executable_path/Frameworks";
				PRODUCT_BUNDLE_IDENTIFIER = com.dataeye.BackgroundLongRunTask;
				PRODUCT_NAME = "$(TARGET_NAME)";
			};
			name = Debug;
		};
		91457CDD1C7ED59E008CC1F8 /* Release */ = {
			isa = XCBuildConfiguration;
			buildSettings = {
				ASSETCATALOG_COMPILER_APPICON_NAME = AppIcon;
				INFOPLIST_FILE = BackgroundLongRunTask/Info.plist;
				LD_RUNPATH_SEARCH_PATHS = "$(inherited) @executable_path/Frameworks";
				PRODUCT_BUNDLE_IDENTIFIER = com.dataeye.BackgroundLongRunTask;
				PRODUCT_NAME = "$(TARGET_NAME)";
			};
			name = Release;
		};
/* End XCBuildConfiguration section */

/* Begin XCConfigurationList section */
		91457CA91C7ED59D008CC1F8 /* Build configuration list for PBXProject "BackgroundLongRunTask" */ = {
			isa = XCConfigurationList;
			buildConfigurations = (
				91457CD91C7ED59E008CC1F8 /* Debug */,
				91457CDA1C7ED59E008CC1F8 /* Release */,
			);
			defaultConfigurationIsVisible = 0;
			defaultConfigurationName = Release;
		};
		91457CDB1C7ED59E008CC1F8 /* Build configuration list for PBXNativeTarget "BackgroundLongRunTask" */ = {
			isa = XCConfigurationList;
			buildConfigurations = (
				91457CDC1C7ED59E008CC1F8 /* Debug */,
				91457CDD1C7ED59E008CC1F8 /* Release */,
			);
			defaultConfigurationIsVisible = 0;
		};
/* End XCConfigurationList section */
	};
	rootObject = 91457CA61C7ED59D008CC1F8 /* Project object */;
}
